// !$*UTF8*$!
{
	archiveVersion = 1;
	classes = {
	};
	objectVersion = 56;
	objects = {

/* Begin PBXBuildFile section */
		4C628C9F2BA9D8E500668DC6 /* Encryption.swift in Sources */ = {isa = PBXBuildFile; fileRef = 4C628C9E2BA9D8E400668DC6 /* Encryption.swift */; };
		4CBFEF052B6B6BD900B9F558 /* WalletizeApp.swift in Sources */ = {isa = PBXBuildFile; fileRef = 4CBFEF042B6B6BD900B9F558 /* WalletizeApp.swift */; };
		4CBFEF072B6B6BD900B9F558 /* ContentView.swift in Sources */ = {isa = PBXBuildFile; fileRef = 4CBFEF062B6B6BD900B9F558 /* ContentView.swift */; };
		4CBFEF092B6B6BDD00B9F558 /* Assets.xcassets in Resources */ = {isa = PBXBuildFile; fileRef = 4CBFEF082B6B6BDD00B9F558 /* Assets.xcassets */; };
		4CBFEF0C2B6B6BDD00B9F558 /* Preview Assets.xcassets in Resources */ = {isa = PBXBuildFile; fileRef = 4CBFEF0B2B6B6BDD00B9F558 /* Preview Assets.xcassets */; };
		4CBFEF142B6B7C9C00B9F558 /* LoginView.swift in Sources */ = {isa = PBXBuildFile; fileRef = 4CBFEF132B6B7C9C00B9F558 /* LoginView.swift */; };
		4CBFEF172B6B7E1200B9F558 /* LoginViewModel.swift in Sources */ = {isa = PBXBuildFile; fileRef = 4CBFEF162B6B7E1200B9F558 /* LoginViewModel.swift */; };
		4CBFEF1A2B6B7FCA00B9F558 /* AuthService.swift in Sources */ = {isa = PBXBuildFile; fileRef = 4CBFEF192B6B7FCA00B9F558 /* AuthService.swift */; };
		4CBFEF1E2B6B8A5000B9F558 /* Env.swift in Sources */ = {isa = PBXBuildFile; fileRef = 4CBFEF1D2B6B8A5000B9F558 /* Env.swift */; };
		4CBFEF232B6BAB9300B9F558 /* Login.swift in Sources */ = {isa = PBXBuildFile; fileRef = 4CBFEF222B6BAB9300B9F558 /* Login.swift */; };
		4CBFEF362B6E3A4D00B9F558 /* Nunito-Italic.ttf in Resources */ = {isa = PBXBuildFile; fileRef = 4CBFEF352B6E225E00B9F558 /* Nunito-Italic.ttf */; };
		4CBFEF372B6E3A4D00B9F558 /* Nunito-LightItalic.ttf in Resources */ = {isa = PBXBuildFile; fileRef = 4CBFEF302B6E225E00B9F558 /* Nunito-LightItalic.ttf */; };
		4CBFEF382B6E3A4D00B9F558 /* Nunito-Black.ttf in Resources */ = {isa = PBXBuildFile; fileRef = 4CBFEF2A2B6E225E00B9F558 /* Nunito-Black.ttf */; };
		4CBFEF392B6E3A4D00B9F558 /* Nunito-BlackItalic.ttf in Resources */ = {isa = PBXBuildFile; fileRef = 4CBFEF2F2B6E225E00B9F558 /* Nunito-BlackItalic.ttf */; };
		4CBFEF3A2B6E3A4D00B9F558 /* Nunito-Regular.ttf in Resources */ = {isa = PBXBuildFile; fileRef = 4CBFEF292B6E225E00B9F558 /* Nunito-Regular.ttf */; };
		4CBFEF3B2B6E3A4D00B9F558 /* Nunito-ExtraBoldItalic.ttf in Resources */ = {isa = PBXBuildFile; fileRef = 4CBFEF2B2B6E225E00B9F558 /* Nunito-ExtraBoldItalic.ttf */; };
		4CBFEF3C2B6E3A4D00B9F558 /* Nunito-Bold.ttf in Resources */ = {isa = PBXBuildFile; fileRef = 4CBFEF2C2B6E225E00B9F558 /* Nunito-Bold.ttf */; };
		4CBFEF3D2B6E3A4D00B9F558 /* Nunito-Medium.ttf in Resources */ = {isa = PBXBuildFile; fileRef = 4CBFEF312B6E225E00B9F558 /* Nunito-Medium.ttf */; };
		4CBFEF3E2B6E3A4D00B9F558 /* Nunito-ExtraLight.ttf in Resources */ = {isa = PBXBuildFile; fileRef = 4CBFEF2D2B6E225E00B9F558 /* Nunito-ExtraLight.ttf */; };
		4CBFEF3F2B6E3A4D00B9F558 /* Nunito-SemiBold.ttf in Resources */ = {isa = PBXBuildFile; fileRef = 4CBFEF342B6E225E00B9F558 /* Nunito-SemiBold.ttf */; };
		4CBFEF402B6E3A4D00B9F558 /* Nunito-ExtraBold.ttf in Resources */ = {isa = PBXBuildFile; fileRef = 4CBFEF272B6E225E00B9F558 /* Nunito-ExtraBold.ttf */; };
		4CBFEF412B6E3A4D00B9F558 /* Nunito-SemiBoldItalic.ttf in Resources */ = {isa = PBXBuildFile; fileRef = 4CBFEF322B6E225E00B9F558 /* Nunito-SemiBoldItalic.ttf */; };
		4CBFEF422B6E3A4D00B9F558 /* Nunito-ExtraLightItalic.ttf in Resources */ = {isa = PBXBuildFile; fileRef = 4CBFEF2E2B6E225E00B9F558 /* Nunito-ExtraLightItalic.ttf */; };
		4CBFEF432B6E3A4D00B9F558 /* Nunito-BoldItalic.ttf in Resources */ = {isa = PBXBuildFile; fileRef = 4CBFEF262B6E225E00B9F558 /* Nunito-BoldItalic.ttf */; };
		4CBFEF442B6E3A4D00B9F558 /* Nunito-Light.ttf in Resources */ = {isa = PBXBuildFile; fileRef = 4CBFEF282B6E225E00B9F558 /* Nunito-Light.ttf */; };
		4CBFEF452B6E3A4D00B9F558 /* Nunito-MediumItalic.ttf in Resources */ = {isa = PBXBuildFile; fileRef = 4CBFEF332B6E225E00B9F558 /* Nunito-MediumItalic.ttf */; };
		4CBFEF472B6E3B1C00B9F558 /* Nunito.swift in Sources */ = {isa = PBXBuildFile; fileRef = 4CBFEF462B6E3B1C00B9F558 /* Nunito.swift */; };
		4CBFEF4B2B6F603000B9F558 /* SignupView.swift in Sources */ = {isa = PBXBuildFile; fileRef = 4CBFEF4A2B6F603000B9F558 /* SignupView.swift */; };
		4CBFEF4D2B6F60BA00B9F558 /* SignupViewModel.swift in Sources */ = {isa = PBXBuildFile; fileRef = 4CBFEF4C2B6F60BA00B9F558 /* SignupViewModel.swift */; };
		4CBFEF4F2B6F66B300B9F558 /* RuntimeError.swift in Sources */ = {isa = PBXBuildFile; fileRef = 4CBFEF4E2B6F66B300B9F558 /* RuntimeError.swift */; };
		4CBFEF512B6F675900B9F558 /* Signup.swift in Sources */ = {isa = PBXBuildFile; fileRef = 4CBFEF502B6F675900B9F558 /* Signup.swift */; };
		4CBFEF532B6F8A6D00B9F558 /* MainView.swift in Sources */ = {isa = PBXBuildFile; fileRef = 4CBFEF522B6F8A6D00B9F558 /* MainView.swift */; };
		4CBFEF562B6F8E4800B9F558 /* ContentViewModel.swift in Sources */ = {isa = PBXBuildFile; fileRef = 4CBFEF552B6F8E4800B9F558 /* ContentViewModel.swift */; };
		4CC992912B82351E005096A1 /* CryptoSwift in Frameworks */ = {isa = PBXBuildFile; productRef = 4CC992902B82351E005096A1 /* CryptoSwift */; };
		4CD73F7F2BA8748500D15242 /* KeychainAccess in Frameworks */ = {isa = PBXBuildFile; productRef = 4CD73F7E2BA8748500D15242 /* KeychainAccess */; };
		4CD73F812BA87C8D00D15242 /* KeyGenerator.swift in Sources */ = {isa = PBXBuildFile; fileRef = 4CD73F802BA87C8D00D15242 /* KeyGenerator.swift */; };
		4CD73F832BA87CB700D15242 /* User.swift in Sources */ = {isa = PBXBuildFile; fileRef = 4CD73F822BA87CB700D15242 /* User.swift */; };
		4CBFEF5B2B72617F00B9F558 /* OverviewView.swift in Sources */ = {isa = PBXBuildFile; fileRef = 4CBFEF5A2B72617F00B9F558 /* OverviewView.swift */; };
		4CBFEF5D2B72621C00B9F558 /* AssetsView.swift in Sources */ = {isa = PBXBuildFile; fileRef = 4CBFEF5C2B72621C00B9F558 /* AssetsView.swift */; };
		4CBFEF5F2B72622500B9F558 /* TransactionsView.swift in Sources */ = {isa = PBXBuildFile; fileRef = 4CBFEF5E2B72622500B9F558 /* TransactionsView.swift */; };
		4CBFEF612B72623000B9F558 /* BudgetView.swift in Sources */ = {isa = PBXBuildFile; fileRef = 4CBFEF602B72623000B9F558 /* BudgetView.swift */; };
		4CBFEF642B73D83600B9F558 /* TransactionRowView.swift in Sources */ = {isa = PBXBuildFile; fileRef = 4CBFEF632B73D83600B9F558 /* TransactionRowView.swift */; };
/* End PBXBuildFile section */

/* Begin PBXFileReference section */
		4C628C9E2BA9D8E400668DC6 /* Encryption.swift */ = {isa = PBXFileReference; lastKnownFileType = sourcecode.swift; path = Encryption.swift; sourceTree = "<group>"; };
		4CBFEF012B6B6BD900B9F558 /* Walletize.app */ = {isa = PBXFileReference; explicitFileType = wrapper.application; includeInIndex = 0; path = Walletize.app; sourceTree = BUILT_PRODUCTS_DIR; };
		4CBFEF042B6B6BD900B9F558 /* WalletizeApp.swift */ = {isa = PBXFileReference; lastKnownFileType = sourcecode.swift; path = WalletizeApp.swift; sourceTree = "<group>"; };
		4CBFEF062B6B6BD900B9F558 /* ContentView.swift */ = {isa = PBXFileReference; lastKnownFileType = sourcecode.swift; path = ContentView.swift; sourceTree = "<group>"; };
		4CBFEF082B6B6BDD00B9F558 /* Assets.xcassets */ = {isa = PBXFileReference; lastKnownFileType = folder.assetcatalog; path = Assets.xcassets; sourceTree = "<group>"; };
		4CBFEF0B2B6B6BDD00B9F558 /* Preview Assets.xcassets */ = {isa = PBXFileReference; lastKnownFileType = folder.assetcatalog; path = "Preview Assets.xcassets"; sourceTree = "<group>"; };
		4CBFEF132B6B7C9C00B9F558 /* LoginView.swift */ = {isa = PBXFileReference; lastKnownFileType = sourcecode.swift; path = LoginView.swift; sourceTree = "<group>"; };
		4CBFEF162B6B7E1200B9F558 /* LoginViewModel.swift */ = {isa = PBXFileReference; lastKnownFileType = sourcecode.swift; path = LoginViewModel.swift; sourceTree = "<group>"; };
		4CBFEF192B6B7FCA00B9F558 /* AuthService.swift */ = {isa = PBXFileReference; lastKnownFileType = sourcecode.swift; path = AuthService.swift; sourceTree = "<group>"; };
		4CBFEF1B2B6B88F000B9F558 /* env.xcconfig */ = {isa = PBXFileReference; lastKnownFileType = text.xcconfig; path = env.xcconfig; sourceTree = "<group>"; };
		4CBFEF1C2B6B897E00B9F558 /* Info.plist */ = {isa = PBXFileReference; lastKnownFileType = text.plist; path = Info.plist; sourceTree = "<group>"; };
		4CBFEF1D2B6B8A5000B9F558 /* Env.swift */ = {isa = PBXFileReference; lastKnownFileType = sourcecode.swift; path = Env.swift; sourceTree = "<group>"; };
		4CBFEF222B6BAB9300B9F558 /* Login.swift */ = {isa = PBXFileReference; lastKnownFileType = sourcecode.swift; path = Login.swift; sourceTree = "<group>"; };
		4CBFEF262B6E225E00B9F558 /* Nunito-BoldItalic.ttf */ = {isa = PBXFileReference; lastKnownFileType = file; path = "Nunito-BoldItalic.ttf"; sourceTree = "<group>"; };
		4CBFEF272B6E225E00B9F558 /* Nunito-ExtraBold.ttf */ = {isa = PBXFileReference; lastKnownFileType = file; path = "Nunito-ExtraBold.ttf"; sourceTree = "<group>"; };
		4CBFEF282B6E225E00B9F558 /* Nunito-Light.ttf */ = {isa = PBXFileReference; lastKnownFileType = file; path = "Nunito-Light.ttf"; sourceTree = "<group>"; };
		4CBFEF292B6E225E00B9F558 /* Nunito-Regular.ttf */ = {isa = PBXFileReference; lastKnownFileType = file; path = "Nunito-Regular.ttf"; sourceTree = "<group>"; };
		4CBFEF2A2B6E225E00B9F558 /* Nunito-Black.ttf */ = {isa = PBXFileReference; lastKnownFileType = file; path = "Nunito-Black.ttf"; sourceTree = "<group>"; };
		4CBFEF2B2B6E225E00B9F558 /* Nunito-ExtraBoldItalic.ttf */ = {isa = PBXFileReference; lastKnownFileType = file; path = "Nunito-ExtraBoldItalic.ttf"; sourceTree = "<group>"; };
		4CBFEF2C2B6E225E00B9F558 /* Nunito-Bold.ttf */ = {isa = PBXFileReference; lastKnownFileType = file; path = "Nunito-Bold.ttf"; sourceTree = "<group>"; };
		4CBFEF2D2B6E225E00B9F558 /* Nunito-ExtraLight.ttf */ = {isa = PBXFileReference; lastKnownFileType = file; path = "Nunito-ExtraLight.ttf"; sourceTree = "<group>"; };
		4CBFEF2E2B6E225E00B9F558 /* Nunito-ExtraLightItalic.ttf */ = {isa = PBXFileReference; lastKnownFileType = file; path = "Nunito-ExtraLightItalic.ttf"; sourceTree = "<group>"; };
		4CBFEF2F2B6E225E00B9F558 /* Nunito-BlackItalic.ttf */ = {isa = PBXFileReference; lastKnownFileType = file; path = "Nunito-BlackItalic.ttf"; sourceTree = "<group>"; };
		4CBFEF302B6E225E00B9F558 /* Nunito-LightItalic.ttf */ = {isa = PBXFileReference; lastKnownFileType = file; path = "Nunito-LightItalic.ttf"; sourceTree = "<group>"; };
		4CBFEF312B6E225E00B9F558 /* Nunito-Medium.ttf */ = {isa = PBXFileReference; lastKnownFileType = file; path = "Nunito-Medium.ttf"; sourceTree = "<group>"; };
		4CBFEF322B6E225E00B9F558 /* Nunito-SemiBoldItalic.ttf */ = {isa = PBXFileReference; lastKnownFileType = file; path = "Nunito-SemiBoldItalic.ttf"; sourceTree = "<group>"; };
		4CBFEF332B6E225E00B9F558 /* Nunito-MediumItalic.ttf */ = {isa = PBXFileReference; lastKnownFileType = file; path = "Nunito-MediumItalic.ttf"; sourceTree = "<group>"; };
		4CBFEF342B6E225E00B9F558 /* Nunito-SemiBold.ttf */ = {isa = PBXFileReference; lastKnownFileType = file; path = "Nunito-SemiBold.ttf"; sourceTree = "<group>"; };
		4CBFEF352B6E225E00B9F558 /* Nunito-Italic.ttf */ = {isa = PBXFileReference; lastKnownFileType = file; path = "Nunito-Italic.ttf"; sourceTree = "<group>"; };
		4CBFEF462B6E3B1C00B9F558 /* Nunito.swift */ = {isa = PBXFileReference; lastKnownFileType = sourcecode.swift; path = Nunito.swift; sourceTree = "<group>"; };
		4CBFEF4A2B6F603000B9F558 /* SignupView.swift */ = {isa = PBXFileReference; lastKnownFileType = sourcecode.swift; path = SignupView.swift; sourceTree = "<group>"; };
		4CBFEF4C2B6F60BA00B9F558 /* SignupViewModel.swift */ = {isa = PBXFileReference; lastKnownFileType = sourcecode.swift; path = SignupViewModel.swift; sourceTree = "<group>"; };
		4CBFEF4E2B6F66B300B9F558 /* RuntimeError.swift */ = {isa = PBXFileReference; lastKnownFileType = sourcecode.swift; path = RuntimeError.swift; sourceTree = "<group>"; };
		4CBFEF502B6F675900B9F558 /* Signup.swift */ = {isa = PBXFileReference; lastKnownFileType = sourcecode.swift; path = Signup.swift; sourceTree = "<group>"; };
		4CBFEF522B6F8A6D00B9F558 /* MainView.swift */ = {isa = PBXFileReference; lastKnownFileType = sourcecode.swift; path = MainView.swift; sourceTree = "<group>"; };
		4CBFEF552B6F8E4800B9F558 /* ContentViewModel.swift */ = {isa = PBXFileReference; lastKnownFileType = sourcecode.swift; path = ContentViewModel.swift; sourceTree = "<group>"; };
		4CD73F802BA87C8D00D15242 /* KeyGenerator.swift */ = {isa = PBXFileReference; lastKnownFileType = sourcecode.swift; path = KeyGenerator.swift; sourceTree = "<group>"; };
		4CD73F822BA87CB700D15242 /* User.swift */ = {isa = PBXFileReference; lastKnownFileType = sourcecode.swift; path = User.swift; sourceTree = "<group>"; };
		4CBFEF5A2B72617F00B9F558 /* OverviewView.swift */ = {isa = PBXFileReference; lastKnownFileType = sourcecode.swift; path = OverviewView.swift; sourceTree = "<group>"; };
		4CBFEF5C2B72621C00B9F558 /* AssetsView.swift */ = {isa = PBXFileReference; lastKnownFileType = sourcecode.swift; path = AssetsView.swift; sourceTree = "<group>"; };
		4CBFEF5E2B72622500B9F558 /* TransactionsView.swift */ = {isa = PBXFileReference; lastKnownFileType = sourcecode.swift; path = TransactionsView.swift; sourceTree = "<group>"; };
		4CBFEF602B72623000B9F558 /* BudgetView.swift */ = {isa = PBXFileReference; lastKnownFileType = sourcecode.swift; path = BudgetView.swift; sourceTree = "<group>"; };
		4CBFEF632B73D83600B9F558 /* TransactionRowView.swift */ = {isa = PBXFileReference; lastKnownFileType = sourcecode.swift; path = TransactionRowView.swift; sourceTree = "<group>"; };
/* End PBXFileReference section */

/* Begin PBXFrameworksBuildPhase section */
		4CBFEEFE2B6B6BD900B9F558 /* Frameworks */ = {
			isa = PBXFrameworksBuildPhase;
			buildActionMask = 2147483647;
			files = (
				4CD73F7F2BA8748500D15242 /* KeychainAccess in Frameworks */,
				4CC992912B82351E005096A1 /* CryptoSwift in Frameworks */,
			);
			runOnlyForDeploymentPostprocessing = 0;
		};
/* End PBXFrameworksBuildPhase section */

/* Begin PBXGroup section */
		4CBFEEF82B6B6BD900B9F558 = {
			isa = PBXGroup;
			children = (
				4CBFEF032B6B6BD900B9F558 /* Walletize */,
				4CBFEF022B6B6BD900B9F558 /* Products */,
			);
			sourceTree = "<group>";
		};
		4CBFEF022B6B6BD900B9F558 /* Products */ = {
			isa = PBXGroup;
			children = (
				4CBFEF012B6B6BD900B9F558 /* Walletize.app */,
			);
			name = Products;
			sourceTree = "<group>";
		};
		4CBFEF032B6B6BD900B9F558 /* Walletize */ = {
			isa = PBXGroup;
			children = (
				4CBFEF252B6E225400B9F558 /* Fonts */,
				4CBFEF242B6BAB9E00B9F558 /* Models */,
				4CBFEF1C2B6B897E00B9F558 /* Info.plist */,
				4CBFEF182B6B7FC000B9F558 /* Services */,
				4CBFEF152B6B7E0400B9F558 /* ViewModels */,
				4CBFEF042B6B6BD900B9F558 /* WalletizeApp.swift */,
				4CBFEF122B6B7C8000B9F558 /* Views */,
				4CBFEF082B6B6BDD00B9F558 /* Assets.xcassets */,
				4CBFEF1F2B6B8A5500B9F558 /* Helpers */,
				4CBFEF0A2B6B6BDD00B9F558 /* Preview Content */,
				4CBFEF1B2B6B88F000B9F558 /* env.xcconfig */,
			);
			path = Walletize;
			sourceTree = "<group>";
		};
		4CBFEF0A2B6B6BDD00B9F558 /* Preview Content */ = {
			isa = PBXGroup;
			children = (
				4CBFEF0B2B6B6BDD00B9F558 /* Preview Assets.xcassets */,
			);
			path = "Preview Content";
			sourceTree = "<group>";
		};
		4CBFEF122B6B7C8000B9F558 /* Views */ = {
			isa = PBXGroup;
			children = (
				4CBFEF622B73D65200B9F558 /* Components */,
				4CBFEF062B6B6BD900B9F558 /* ContentView.swift */,
				4CBFEF132B6B7C9C00B9F558 /* LoginView.swift */,
				4CBFEF4A2B6F603000B9F558 /* SignupView.swift */,
				4CBFEF522B6F8A6D00B9F558 /* MainView.swift */,
				4CBFEF5A2B72617F00B9F558 /* OverviewView.swift */,
				4CBFEF5C2B72621C00B9F558 /* AssetsView.swift */,
				4CBFEF5E2B72622500B9F558 /* TransactionsView.swift */,
				4CBFEF602B72623000B9F558 /* BudgetView.swift */,
			);
			path = Views;
			sourceTree = "<group>";
		};
		4CBFEF152B6B7E0400B9F558 /* ViewModels */ = {
			isa = PBXGroup;
			children = (
				4CBFEF162B6B7E1200B9F558 /* LoginViewModel.swift */,
				4CBFEF4C2B6F60BA00B9F558 /* SignupViewModel.swift */,
				4CBFEF552B6F8E4800B9F558 /* ContentViewModel.swift */,
			);
			path = ViewModels;
			sourceTree = "<group>";
		};
		4CBFEF182B6B7FC000B9F558 /* Services */ = {
			isa = PBXGroup;
			children = (
				4CBFEF192B6B7FCA00B9F558 /* AuthService.swift */,
			);
			path = Services;
			sourceTree = "<group>";
		};
		4CBFEF1F2B6B8A5500B9F558 /* Helpers */ = {
			isa = PBXGroup;
			children = (
				4CBFEF1D2B6B8A5000B9F558 /* Env.swift */,
				4CBFEF4E2B6F66B300B9F558 /* RuntimeError.swift */,
				4CD73F802BA87C8D00D15242 /* KeyGenerator.swift */,
				4C628C9E2BA9D8E400668DC6 /* Encryption.swift */,
			);
			path = Helpers;
			sourceTree = "<group>";
		};
		4CBFEF242B6BAB9E00B9F558 /* Models */ = {
			isa = PBXGroup;
			children = (
				4CBFEF222B6BAB9300B9F558 /* Login.swift */,
				4CBFEF502B6F675900B9F558 /* Signup.swift */,
				4CD73F822BA87CB700D15242 /* User.swift */,
			);
			path = Models;
			sourceTree = "<group>";
		};
		4CBFEF252B6E225400B9F558 /* Fonts */ = {
			isa = PBXGroup;
			children = (
				4CBFEF2A2B6E225E00B9F558 /* Nunito-Black.ttf */,
				4CBFEF2F2B6E225E00B9F558 /* Nunito-BlackItalic.ttf */,
				4CBFEF2C2B6E225E00B9F558 /* Nunito-Bold.ttf */,
				4CBFEF262B6E225E00B9F558 /* Nunito-BoldItalic.ttf */,
				4CBFEF272B6E225E00B9F558 /* Nunito-ExtraBold.ttf */,
				4CBFEF2B2B6E225E00B9F558 /* Nunito-ExtraBoldItalic.ttf */,
				4CBFEF2D2B6E225E00B9F558 /* Nunito-ExtraLight.ttf */,
				4CBFEF2E2B6E225E00B9F558 /* Nunito-ExtraLightItalic.ttf */,
				4CBFEF352B6E225E00B9F558 /* Nunito-Italic.ttf */,
				4CBFEF282B6E225E00B9F558 /* Nunito-Light.ttf */,
				4CBFEF302B6E225E00B9F558 /* Nunito-LightItalic.ttf */,
				4CBFEF312B6E225E00B9F558 /* Nunito-Medium.ttf */,
				4CBFEF332B6E225E00B9F558 /* Nunito-MediumItalic.ttf */,
				4CBFEF292B6E225E00B9F558 /* Nunito-Regular.ttf */,
				4CBFEF342B6E225E00B9F558 /* Nunito-SemiBold.ttf */,
				4CBFEF322B6E225E00B9F558 /* Nunito-SemiBoldItalic.ttf */,
				4CBFEF462B6E3B1C00B9F558 /* Nunito.swift */,
			);
			path = Fonts;
			sourceTree = "<group>";
		};
		4CBFEF622B73D65200B9F558 /* Components */ = {
			isa = PBXGroup;
			children = (
				4CBFEF632B73D83600B9F558 /* TransactionRowView.swift */,
			);
			path = Components;
			sourceTree = "<group>";
		};
/* End PBXGroup section */

/* Begin PBXNativeTarget section */
		4CBFEF002B6B6BD900B9F558 /* Walletize */ = {
			isa = PBXNativeTarget;
			buildConfigurationList = 4CBFEF0F2B6B6BDD00B9F558 /* Build configuration list for PBXNativeTarget "Walletize" */;
			buildPhases = (
				4CBFEEFD2B6B6BD900B9F558 /* Sources */,
				4CBFEEFE2B6B6BD900B9F558 /* Frameworks */,
				4CBFEEFF2B6B6BD900B9F558 /* Resources */,
			);
			buildRules = (
			);
			dependencies = (
			);
			name = Walletize;
			packageProductDependencies = (
				4CC992902B82351E005096A1 /* CryptoSwift */,
				4CD73F7E2BA8748500D15242 /* KeychainAccess */,
			);
			productName = Walletize;
			productReference = 4CBFEF012B6B6BD900B9F558 /* Walletize.app */;
			productType = "com.apple.product-type.application";
		};
/* End PBXNativeTarget section */

/* Begin PBXProject section */
		4CBFEEF92B6B6BD900B9F558 /* Project object */ = {
			isa = PBXProject;
			attributes = {
				BuildIndependentTargetsInParallel = 1;
				LastSwiftUpdateCheck = 1520;
				LastUpgradeCheck = 1520;
				TargetAttributes = {
					4CBFEF002B6B6BD900B9F558 = {
						CreatedOnToolsVersion = 15.2;
					};
				};
			};
			buildConfigurationList = 4CBFEEFC2B6B6BD900B9F558 /* Build configuration list for PBXProject "Walletize" */;
			compatibilityVersion = "Xcode 14.0";
			developmentRegion = en;
			hasScannedForEncodings = 0;
			knownRegions = (
				en,
				Base,
			);
			mainGroup = 4CBFEEF82B6B6BD900B9F558;
			packageReferences = (
				4CC9928F2B82351D005096A1 /* XCRemoteSwiftPackageReference "CryptoSwift" */,
				4CD73F7D2BA8748500D15242 /* XCRemoteSwiftPackageReference "KeychainAccess" */,
			);
			productRefGroup = 4CBFEF022B6B6BD900B9F558 /* Products */;
			projectDirPath = "";
			projectRoot = "";
			targets = (
				4CBFEF002B6B6BD900B9F558 /* Walletize */,
			);
		};
/* End PBXProject section */

/* Begin PBXResourcesBuildPhase section */
		4CBFEEFF2B6B6BD900B9F558 /* Resources */ = {
			isa = PBXResourcesBuildPhase;
			buildActionMask = 2147483647;
			files = (
				4CBFEF3F2B6E3A4D00B9F558 /* Nunito-SemiBold.ttf in Resources */,
				4CBFEF422B6E3A4D00B9F558 /* Nunito-ExtraLightItalic.ttf in Resources */,
				4CBFEF432B6E3A4D00B9F558 /* Nunito-BoldItalic.ttf in Resources */,
				4CBFEF0C2B6B6BDD00B9F558 /* Preview Assets.xcassets in Resources */,
				4CBFEF392B6E3A4D00B9F558 /* Nunito-BlackItalic.ttf in Resources */,
				4CBFEF382B6E3A4D00B9F558 /* Nunito-Black.ttf in Resources */,
				4CBFEF452B6E3A4D00B9F558 /* Nunito-MediumItalic.ttf in Resources */,
				4CBFEF3B2B6E3A4D00B9F558 /* Nunito-ExtraBoldItalic.ttf in Resources */,
				4CBFEF402B6E3A4D00B9F558 /* Nunito-ExtraBold.ttf in Resources */,
				4CBFEF3E2B6E3A4D00B9F558 /* Nunito-ExtraLight.ttf in Resources */,
				4CBFEF3D2B6E3A4D00B9F558 /* Nunito-Medium.ttf in Resources */,
				4CBFEF412B6E3A4D00B9F558 /* Nunito-SemiBoldItalic.ttf in Resources */,
				4CBFEF3C2B6E3A4D00B9F558 /* Nunito-Bold.ttf in Resources */,
				4CBFEF362B6E3A4D00B9F558 /* Nunito-Italic.ttf in Resources */,
				4CBFEF3A2B6E3A4D00B9F558 /* Nunito-Regular.ttf in Resources */,
				4CBFEF372B6E3A4D00B9F558 /* Nunito-LightItalic.ttf in Resources */,
				4CBFEF442B6E3A4D00B9F558 /* Nunito-Light.ttf in Resources */,
				4CBFEF092B6B6BDD00B9F558 /* Assets.xcassets in Resources */,
			);
			runOnlyForDeploymentPostprocessing = 0;
		};
/* End PBXResourcesBuildPhase section */

/* Begin PBXSourcesBuildPhase section */
		4CBFEEFD2B6B6BD900B9F558 /* Sources */ = {
			isa = PBXSourcesBuildPhase;
			buildActionMask = 2147483647;
			files = (
				4CBFEF4B2B6F603000B9F558 /* SignupView.swift in Sources */,
				4CBFEF532B6F8A6D00B9F558 /* MainView.swift in Sources */,
				4CBFEF172B6B7E1200B9F558 /* LoginViewModel.swift in Sources */,
				4C628C9F2BA9D8E500668DC6 /* Encryption.swift in Sources */,
				4CBFEF1E2B6B8A5000B9F558 /* Env.swift in Sources */,
				4CD73F832BA87CB700D15242 /* User.swift in Sources */,
				4CBFEF142B6B7C9C00B9F558 /* LoginView.swift in Sources */,
				4CBFEF5D2B72621C00B9F558 /* AssetsView.swift in Sources */,
				4CBFEF1A2B6B7FCA00B9F558 /* AuthService.swift in Sources */,
				4CBFEF512B6F675900B9F558 /* Signup.swift in Sources */,
				4CBFEF472B6E3B1C00B9F558 /* Nunito.swift in Sources */,
				4CBFEF4D2B6F60BA00B9F558 /* SignupViewModel.swift in Sources */,
				4CBFEF5F2B72622500B9F558 /* TransactionsView.swift in Sources */,
				4CBFEF072B6B6BD900B9F558 /* ContentView.swift in Sources */,
				4CBFEF562B6F8E4800B9F558 /* ContentViewModel.swift in Sources */,
				4CBFEF612B72623000B9F558 /* BudgetView.swift in Sources */,
				4CBFEF052B6B6BD900B9F558 /* WalletizeApp.swift in Sources */,
				4CD73F812BA87C8D00D15242 /* KeyGenerator.swift in Sources */,
				4CBFEF232B6BAB9300B9F558 /* Login.swift in Sources */,
				4CBFEF4F2B6F66B300B9F558 /* RuntimeError.swift in Sources */,
				4CBFEF5B2B72617F00B9F558 /* OverviewView.swift in Sources */,
				4CBFEF642B73D83600B9F558 /* TransactionRowView.swift in Sources */,
			);
			runOnlyForDeploymentPostprocessing = 0;
		};
/* End PBXSourcesBuildPhase section */

/* Begin XCBuildConfiguration section */
		4CBFEF0D2B6B6BDD00B9F558 /* Debug */ = {
			isa = XCBuildConfiguration;
			baseConfigurationReference = 4CBFEF1B2B6B88F000B9F558 /* env.xcconfig */;
			buildSettings = {
				ALWAYS_SEARCH_USER_PATHS = NO;
				ASSETCATALOG_COMPILER_GENERATE_SWIFT_ASSET_SYMBOL_EXTENSIONS = YES;
				CLANG_ANALYZER_NONNULL = YES;
				CLANG_ANALYZER_NUMBER_OBJECT_CONVERSION = YES_AGGRESSIVE;
				CLANG_CXX_LANGUAGE_STANDARD = "gnu++20";
				CLANG_ENABLE_MODULES = YES;
				CLANG_ENABLE_OBJC_ARC = YES;
				CLANG_ENABLE_OBJC_WEAK = YES;
				CLANG_WARN_BLOCK_CAPTURE_AUTORELEASING = YES;
				CLANG_WARN_BOOL_CONVERSION = YES;
				CLANG_WARN_COMMA = YES;
				CLANG_WARN_CONSTANT_CONVERSION = YES;
				CLANG_WARN_DEPRECATED_OBJC_IMPLEMENTATIONS = YES;
				CLANG_WARN_DIRECT_OBJC_ISA_USAGE = YES_ERROR;
				CLANG_WARN_DOCUMENTATION_COMMENTS = YES;
				CLANG_WARN_EMPTY_BODY = YES;
				CLANG_WARN_ENUM_CONVERSION = YES;
				CLANG_WARN_INFINITE_RECURSION = YES;
				CLANG_WARN_INT_CONVERSION = YES;
				CLANG_WARN_NON_LITERAL_NULL_CONVERSION = YES;
				CLANG_WARN_OBJC_IMPLICIT_RETAIN_SELF = YES;
				CLANG_WARN_OBJC_LITERAL_CONVERSION = YES;
				CLANG_WARN_OBJC_ROOT_CLASS = YES_ERROR;
				CLANG_WARN_QUOTED_INCLUDE_IN_FRAMEWORK_HEADER = YES;
				CLANG_WARN_RANGE_LOOP_ANALYSIS = YES;
				CLANG_WARN_STRICT_PROTOTYPES = YES;
				CLANG_WARN_SUSPICIOUS_MOVE = YES;
				CLANG_WARN_UNGUARDED_AVAILABILITY = YES_AGGRESSIVE;
				CLANG_WARN_UNREACHABLE_CODE = YES;
				CLANG_WARN__DUPLICATE_METHOD_MATCH = YES;
				COPY_PHASE_STRIP = NO;
				DEBUG_INFORMATION_FORMAT = dwarf;
				ENABLE_STRICT_OBJC_MSGSEND = YES;
				ENABLE_TESTABILITY = YES;
				ENABLE_USER_SCRIPT_SANDBOXING = YES;
				GCC_C_LANGUAGE_STANDARD = gnu17;
				GCC_DYNAMIC_NO_PIC = NO;
				GCC_NO_COMMON_BLOCKS = YES;
				GCC_OPTIMIZATION_LEVEL = 0;
				GCC_PREPROCESSOR_DEFINITIONS = (
					"DEBUG=1",
					"$(inherited)",
				);
				GCC_WARN_64_TO_32_BIT_CONVERSION = YES;
				GCC_WARN_ABOUT_RETURN_TYPE = YES_ERROR;
				GCC_WARN_UNDECLARED_SELECTOR = YES;
				GCC_WARN_UNINITIALIZED_AUTOS = YES_AGGRESSIVE;
				GCC_WARN_UNUSED_FUNCTION = YES;
				GCC_WARN_UNUSED_VARIABLE = YES;
				IPHONEOS_DEPLOYMENT_TARGET = 17.2;
				LOCALIZATION_PREFERS_STRING_CATALOGS = YES;
				MTL_ENABLE_DEBUG_INFO = INCLUDE_SOURCE;
				MTL_FAST_MATH = YES;
				ONLY_ACTIVE_ARCH = YES;
				SDKROOT = iphoneos;
				SWIFT_ACTIVE_COMPILATION_CONDITIONS = "DEBUG $(inherited)";
				SWIFT_OPTIMIZATION_LEVEL = "-Onone";
			};
			name = Debug;
		};
		4CBFEF0E2B6B6BDD00B9F558 /* Release */ = {
			isa = XCBuildConfiguration;
			baseConfigurationReference = 4CBFEF1B2B6B88F000B9F558 /* env.xcconfig */;
			buildSettings = {
				ALWAYS_SEARCH_USER_PATHS = NO;
				ASSETCATALOG_COMPILER_GENERATE_SWIFT_ASSET_SYMBOL_EXTENSIONS = YES;
				CLANG_ANALYZER_NONNULL = YES;
				CLANG_ANALYZER_NUMBER_OBJECT_CONVERSION = YES_AGGRESSIVE;
				CLANG_CXX_LANGUAGE_STANDARD = "gnu++20";
				CLANG_ENABLE_MODULES = YES;
				CLANG_ENABLE_OBJC_ARC = YES;
				CLANG_ENABLE_OBJC_WEAK = YES;
				CLANG_WARN_BLOCK_CAPTURE_AUTORELEASING = YES;
				CLANG_WARN_BOOL_CONVERSION = YES;
				CLANG_WARN_COMMA = YES;
				CLANG_WARN_CONSTANT_CONVERSION = YES;
				CLANG_WARN_DEPRECATED_OBJC_IMPLEMENTATIONS = YES;
				CLANG_WARN_DIRECT_OBJC_ISA_USAGE = YES_ERROR;
				CLANG_WARN_DOCUMENTATION_COMMENTS = YES;
				CLANG_WARN_EMPTY_BODY = YES;
				CLANG_WARN_ENUM_CONVERSION = YES;
				CLANG_WARN_INFINITE_RECURSION = YES;
				CLANG_WARN_INT_CONVERSION = YES;
				CLANG_WARN_NON_LITERAL_NULL_CONVERSION = YES;
				CLANG_WARN_OBJC_IMPLICIT_RETAIN_SELF = YES;
				CLANG_WARN_OBJC_LITERAL_CONVERSION = YES;
				CLANG_WARN_OBJC_ROOT_CLASS = YES_ERROR;
				CLANG_WARN_QUOTED_INCLUDE_IN_FRAMEWORK_HEADER = YES;
				CLANG_WARN_RANGE_LOOP_ANALYSIS = YES;
				CLANG_WARN_STRICT_PROTOTYPES = YES;
				CLANG_WARN_SUSPICIOUS_MOVE = YES;
				CLANG_WARN_UNGUARDED_AVAILABILITY = YES_AGGRESSIVE;
				CLANG_WARN_UNREACHABLE_CODE = YES;
				CLANG_WARN__DUPLICATE_METHOD_MATCH = YES;
				COPY_PHASE_STRIP = NO;
				DEBUG_INFORMATION_FORMAT = "dwarf-with-dsym";
				ENABLE_NS_ASSERTIONS = NO;
				ENABLE_STRICT_OBJC_MSGSEND = YES;
				ENABLE_USER_SCRIPT_SANDBOXING = YES;
				GCC_C_LANGUAGE_STANDARD = gnu17;
				GCC_NO_COMMON_BLOCKS = YES;
				GCC_WARN_64_TO_32_BIT_CONVERSION = YES;
				GCC_WARN_ABOUT_RETURN_TYPE = YES_ERROR;
				GCC_WARN_UNDECLARED_SELECTOR = YES;
				GCC_WARN_UNINITIALIZED_AUTOS = YES_AGGRESSIVE;
				GCC_WARN_UNUSED_FUNCTION = YES;
				GCC_WARN_UNUSED_VARIABLE = YES;
				IPHONEOS_DEPLOYMENT_TARGET = 17.2;
				LOCALIZATION_PREFERS_STRING_CATALOGS = YES;
				MTL_ENABLE_DEBUG_INFO = NO;
				MTL_FAST_MATH = YES;
				SDKROOT = iphoneos;
				SWIFT_COMPILATION_MODE = wholemodule;
				VALIDATE_PRODUCT = YES;
			};
			name = Release;
		};
		4CBFEF102B6B6BDD00B9F558 /* Debug */ = {
			isa = XCBuildConfiguration;
			buildSettings = {
				ASSETCATALOG_COMPILER_APPICON_NAME = AppIcon;
				ASSETCATALOG_COMPILER_GLOBAL_ACCENT_COLOR_NAME = AccentColor;
				CODE_SIGN_STYLE = Automatic;
				CURRENT_PROJECT_VERSION = 1;
				DEVELOPMENT_ASSET_PATHS = "\"Walletize/Preview Content\"";
				DEVELOPMENT_TEAM = 594Q84397D;
				ENABLE_PREVIEWS = YES;
				GENERATE_INFOPLIST_FILE = YES;
				INFOPLIST_FILE = Walletize/Info.plist;
				INFOPLIST_KEY_UIApplicationSceneManifest_Generation = YES;
				INFOPLIST_KEY_UIApplicationSupportsIndirectInputEvents = YES;
				INFOPLIST_KEY_UILaunchScreen_Generation = YES;
				INFOPLIST_KEY_UISupportedInterfaceOrientations_iPad = "UIInterfaceOrientationPortrait UIInterfaceOrientationPortraitUpsideDown UIInterfaceOrientationLandscapeLeft UIInterfaceOrientationLandscapeRight";
				INFOPLIST_KEY_UISupportedInterfaceOrientations_iPhone = "UIInterfaceOrientationPortrait UIInterfaceOrientationLandscapeLeft UIInterfaceOrientationLandscapeRight";
				LD_RUNPATH_SEARCH_PATHS = (
					"$(inherited)",
					"@executable_path/Frameworks",
				);
				MARKETING_VERSION = 1.0;
				PRODUCT_BUNDLE_IDENTIFIER = com.walletize.Walletize;
				PRODUCT_NAME = "$(TARGET_NAME)";
				SWIFT_EMIT_LOC_STRINGS = YES;
				SWIFT_VERSION = 5.0;
				TARGETED_DEVICE_FAMILY = "1,2";
			};
			name = Debug;
		};
		4CBFEF112B6B6BDD00B9F558 /* Release */ = {
			isa = XCBuildConfiguration;
			buildSettings = {
				ASSETCATALOG_COMPILER_APPICON_NAME = AppIcon;
				ASSETCATALOG_COMPILER_GLOBAL_ACCENT_COLOR_NAME = AccentColor;
				CODE_SIGN_STYLE = Automatic;
				CURRENT_PROJECT_VERSION = 1;
				DEVELOPMENT_ASSET_PATHS = "\"Walletize/Preview Content\"";
				DEVELOPMENT_TEAM = 594Q84397D;
				ENABLE_PREVIEWS = YES;
				GENERATE_INFOPLIST_FILE = YES;
				INFOPLIST_FILE = Walletize/Info.plist;
				INFOPLIST_KEY_UIApplicationSceneManifest_Generation = YES;
				INFOPLIST_KEY_UIApplicationSupportsIndirectInputEvents = YES;
				INFOPLIST_KEY_UILaunchScreen_Generation = YES;
				INFOPLIST_KEY_UISupportedInterfaceOrientations_iPad = "UIInterfaceOrientationPortrait UIInterfaceOrientationPortraitUpsideDown UIInterfaceOrientationLandscapeLeft UIInterfaceOrientationLandscapeRight";
				INFOPLIST_KEY_UISupportedInterfaceOrientations_iPhone = "UIInterfaceOrientationPortrait UIInterfaceOrientationLandscapeLeft UIInterfaceOrientationLandscapeRight";
				LD_RUNPATH_SEARCH_PATHS = (
					"$(inherited)",
					"@executable_path/Frameworks",
				);
				MARKETING_VERSION = 1.0;
				PRODUCT_BUNDLE_IDENTIFIER = com.walletize.Walletize;
				PRODUCT_NAME = "$(TARGET_NAME)";
				SWIFT_EMIT_LOC_STRINGS = YES;
				SWIFT_VERSION = 5.0;
				TARGETED_DEVICE_FAMILY = "1,2";
			};
			name = Release;
		};
/* End XCBuildConfiguration section */

/* Begin XCConfigurationList section */
		4CBFEEFC2B6B6BD900B9F558 /* Build configuration list for PBXProject "Walletize" */ = {
			isa = XCConfigurationList;
			buildConfigurations = (
				4CBFEF0D2B6B6BDD00B9F558 /* Debug */,
				4CBFEF0E2B6B6BDD00B9F558 /* Release */,
			);
			defaultConfigurationIsVisible = 0;
			defaultConfigurationName = Release;
		};
		4CBFEF0F2B6B6BDD00B9F558 /* Build configuration list for PBXNativeTarget "Walletize" */ = {
			isa = XCConfigurationList;
			buildConfigurations = (
				4CBFEF102B6B6BDD00B9F558 /* Debug */,
				4CBFEF112B6B6BDD00B9F558 /* Release */,
			);
			defaultConfigurationIsVisible = 0;
			defaultConfigurationName = Release;
		};
/* End XCConfigurationList section */

/* Begin XCRemoteSwiftPackageReference section */
		4CC9928F2B82351D005096A1 /* XCRemoteSwiftPackageReference "CryptoSwift" */ = {
			isa = XCRemoteSwiftPackageReference;
			repositoryURL = "https://github.com/krzyzanowskim/CryptoSwift";
			requirement = {
				kind = upToNextMajorVersion;
				minimumVersion = 1.8.1;
			};
		};
		4CD73F7D2BA8748500D15242 /* XCRemoteSwiftPackageReference "KeychainAccess" */ = {
			isa = XCRemoteSwiftPackageReference;
			repositoryURL = "https://github.com/kishikawakatsumi/KeychainAccess.git";
			requirement = {
				branch = master;
				kind = branch;
			};
		};
/* End XCRemoteSwiftPackageReference section */

/* Begin XCSwiftPackageProductDependency section */
		4CC992902B82351E005096A1 /* CryptoSwift */ = {
			isa = XCSwiftPackageProductDependency;
			package = 4CC9928F2B82351D005096A1 /* XCRemoteSwiftPackageReference "CryptoSwift" */;
			productName = CryptoSwift;
		};
		4CD73F7E2BA8748500D15242 /* KeychainAccess */ = {
			isa = XCSwiftPackageProductDependency;
			package = 4CD73F7D2BA8748500D15242 /* XCRemoteSwiftPackageReference "KeychainAccess" */;
			productName = KeychainAccess;
		};
/* End XCSwiftPackageProductDependency section */
	};
	rootObject = 4CBFEEF92B6B6BD900B9F558 /* Project object */;
}
